
Microsoft Visual Studio Solution File, Format Version 12.00
# Visual Studio Version 16
VisualStudioVersion = 16.0.29009.5
MinimumVisualStudioVersion = 10.0.40219.1
Project("{9A19103F-16F7-4668-BE54-9A1E7A4F7556}") = "ProjetoLivraria.Domain", "src\ProjetoLivraria.Domain\ProjetoLivraria.Domain.csproj", "{8172607A-53C2-4755-81D6-701EF5C07850}"
EndProject
Project("{9A19103F-16F7-4668-BE54-9A1E7A4F7556}") = "ProjetoLivraria.Infra.Data", "src\ProjetoLivraria.Infra.Data\ProjetoLivraria.Infra.Data.csproj", "{0F47C238-EA29-40B0-8D05-55BBB9BA75E5}"
EndProject
Project("{9A19103F-16F7-4668-BE54-9A1E7A4F7556}") = "ProjetoLivraria.Service.Api", "src\ProjetoLivraria.Service.Api\ProjetoLivraria.Service.Api.csproj", "{D13D1FF2-98C9-4BCB-A724-91D21213AEDB}"
EndProject
Project("{9A19103F-16F7-4668-BE54-9A1E7A4F7556}") = "ProjetoLivraria.Infra.CrossCutting.IoC", "src\ProjetoLivraria.Infra.CrossCutting.IoC\ProjetoLivraria.Infra.CrossCutting.IoC.csproj", "{BA227BC9-9539-4A5E-9311-3EFBC3AFFEF5}"
EndProject
Project("{FAE04EC0-301F-11D3-BF4B-00C04F79EFBC}") = "ProjetoLivraria.Mvc", "src\ProjetoLivraria.Mvc\ProjetoLivraria.Mvc.csproj", "{6B3D6A46-B48F-4BFE-A5D0-B4F5566B40B0}"
EndProject
Global
	GlobalSection(SolutionConfigurationPlatforms) = preSolution
		Debug|Any CPU = Debug|Any CPU
		Release|Any CPU = Release|Any CPU
	EndGlobalSection
	GlobalSection(ProjectConfigurationPlatforms) = postSolution
		{8172607A-53C2-4755-81D6-701EF5C07850}.Debug|Any CPU.ActiveCfg = Debug|Any CPU
		{8172607A-53C2-4755-81D6-701EF5C07850}.Debug|Any CPU.Build.0 = Debug|Any CPU
		{8172607A-53C2-4755-81D6-701EF5C07850}.Release|Any CPU.ActiveCfg = Release|Any CPU
		{8172607A-53C2-4755-81D6-701EF5C07850}.Release|Any CPU.Build.0 = Release|Any CPU
		{0F47C238-EA29-40B0-8D05-55BBB9BA75E5}.Debug|Any CPU.ActiveCfg = Debug|Any CPU
		{0F47C238-EA29-40B0-8D05-55BBB9BA75E5}.Debug|Any CPU.Build.0 = Debug|Any CPU
		{0F47C238-EA29-40B0-8D05-55BBB9BA75E5}.Release|Any CPU.ActiveCfg = Release|Any CPU
		{0F47C238-EA29-40B0-8D05-55BBB9BA75E5}.Release|Any CPU.Build.0 = Release|Any CPU
		{D13D1FF2-98C9-4BCB-A724-91D21213AEDB}.Debug|Any CPU.ActiveCfg = Debug|Any CPU
		{D13D1FF2-98C9-4BCB-A724-91D21213AEDB}.Debug|Any CPU.Build.0 = Debug|Any CPU
		{D13D1FF2-98C9-4BCB-A724-91D21213AEDB}.Release|Any CPU.ActiveCfg = Release|Any CPU
		{D13D1FF2-98C9-4BCB-A724-91D21213AEDB}.Release|Any CPU.Build.0 = Release|Any CPU
		{BA227BC9-9539-4A5E-9311-3EFBC3AFFEF5}.Debug|Any CPU.ActiveCfg = Debug|Any CPU
		{BA227BC9-9539-4A5E-9311-3EFBC3AFFEF5}.Debug|Any CPU.Build.0 = Debug|Any CPU
		{BA227BC9-9539-4A5E-9311-3EFBC3AFFEF5}.Release|Any CPU.ActiveCfg = Release|Any CPU
		{BA227BC9-9539-4A5E-9311-3EFBC3AFFEF5}.Release|Any CPU.Build.0 = Release|Any CPU
		{6B3D6A46-B48F-4BFE-A5D0-B4F5566B40B0}.Debug|Any CPU.ActiveCfg = Debug|Any CPU
		{6B3D6A46-B48F-4BFE-A5D0-B4F5566B40B0}.Debug|Any CPU.Build.0 = Debug|Any CPU
		{6B3D6A46-B48F-4BFE-A5D0-B4F5566B40B0}.Release|Any CPU.ActiveCfg = Release|Any CPU
		{6B3D6A46-B48F-4BFE-A5D0-B4F5566B40B0}.Release|Any CPU.Build.0 = Release|Any CPU
	EndGlobalSection
	GlobalSection(SolutionProperties) = preSolution
		HideSolutionNode = FALSE
	EndGlobalSection
	GlobalSection(ExtensibilityGlobals) = postSolution
		SolutionGuid = {A3A80A80-00A4-4A3F-9865-48C8045635E4}
	EndGlobalSection
EndGlobal
